
Microsoft Visual Studio Solution File, Format Version 12.00
# Visual Studio Version 17
VisualStudioVersion = 17.7.34031.279
MinimumVisualStudioVersion = 10.0.40219.1
Project("{FAE04EC0-301F-11D3-BF4B-00C04F79EFBC}") = "Clase9_GuardasySingleton", "Clase9_GuardasySingleton\Clase9_GuardasySingleton.csproj", "{96F0846A-3139-4EC8-AA0C-0760F9D182E7}"
EndProject
Global
	GlobalSection(SolutionConfigurationPlatforms) = preSolution
		Debug|Any CPU = Debug|Any CPU
		Release|Any CPU = Release|Any CPU
	EndGlobalSection
	GlobalSection(ProjectConfigurationPlatforms) = postSolution
		{96F0846A-3139-4EC8-AA0C-0760F9D182E7}.Debug|Any CPU.ActiveCfg = Debug|Any CPU
		{96F0846A-3139-4EC8-AA0C-0760F9D182E7}.Debug|Any CPU.Build.0 = Debug|Any CPU
		{96F0846A-3139-4EC8-AA0C-0760F9D182E7}.Release|Any CPU.ActiveCfg = Release|Any CPU
		{96F0846A-3139-4EC8-AA0C-0760F9D182E7}.Release|Any CPU.Build.0 = Release|Any CPU
	EndGlobalSection
	GlobalSection(SolutionProperties) = preSolution
		HideSolutionNode = FALSE
	EndGlobalSection
	GlobalSection(ExtensibilityGlobals) = postSolution
		SolutionGuid = {B6360465-5AF7-45D9-A517-3AF70BCD961C}
	EndGlobalSection
EndGlobal
